hash: 5561f561216553474285643482d1cb137a5dd51665aca442da6f63fff7a9c8a4
updated: 2019-04-24T16:40:29.937656762+02:00
imports:
- name: github.com/bwmarrin/discordgo
  version: 8325a6bf6dd6c91ed4040a1617b07287b8fb0eba
- name: github.com/gorilla/websocket
  version: 0ec3d1bd7fe50c503d6df98ee649d81f4857c564
- name: github.com/lib/pq
  version: 51e2106eed1cea199c802d2a49e91e2491b02056
  subpackages:
  - oid
  - scram
- name: github.com/tidwall/gjson
  version: eee0b6226f0d1db2675a176fdfaa8419bcad4ca8
- name: github.com/tidwall/match
  version: 33827db735fff6510490d69a8622612558a557ed
- name: github.com/tidwall/pretty
  version: 1166b9ac2b65e46a43d8618d30d1554f4652d49b
- name: golang.org/x/crypto
  version: d864b10871cd4370fe574816b489c819c675ccc7
  subpackages:
  - internal/subtle
  - nacl/secretbox
  - poly1305
  - salsa20/salsa
- name: golang.org/x/sys
  version: 953cdadca894cdc07be76fc99f95b40c28f06623
  subpackages:
  - cpu
  - unix
- name: golang.org/x/text
  version: c942b20a5d85b458c4dce1589326051d85e25d6d
  subpackages:
  - feature/plural
  - internal
  - internal/catmsg
  - internal/format
  - internal/language
  - internal/language/compact
  - internal/number
  - internal/stringset
  - internal/tag
  - language
  - message
  - message/catalog
testImports: []
